
Microsoft Visual Studio Solution File, Format Version 12.00
# Visual Studio Version 16
VisualStudioVersion = 16.0.31911.196
MinimumVisualStudioVersion = 10.0.40219.1
Project("{FAE04EC0-301F-11D3-BF4B-00C04F79EFBC}") = "BookMaster", "BookMaster.csproj", "{D26B3751-BA61-40A7-983A-AFB7AA82ABFE}"
EndProject
Global
	GlobalSection(SolutionConfigurationPlatforms) = preSolution
		Debug|Any CPU = Debug|Any CPU
		Release|Any CPU = Release|Any CPU
	EndGlobalSection
	GlobalSection(ProjectConfigurationPlatforms) = postSolution
		{D26B3751-BA61-40A7-983A-AFB7AA82ABFE}.Debug|Any CPU.ActiveCfg = Debug|Any CPU
		{D26B3751-BA61-40A7-983A-AFB7AA82ABFE}.Debug|Any CPU.Build.0 = Debug|Any CPU
		{D26B3751-BA61-40A7-983A-AFB7AA82ABFE}.Release|Any CPU.ActiveCfg = Release|Any CPU
		{D26B3751-BA61-40A7-983A-AFB7AA82ABFE}.Release|Any CPU.Build.0 = Release|Any CPU
	EndGlobalSection
	GlobalSection(SolutionProperties) = preSolution
		HideSolutionNode = FALSE
	EndGlobalSection
	GlobalSection(ExtensibilityGlobals) = postSolution
		SolutionGuid = {1ACE73E0-175F-4E72-8FBF-640C12A2550C}
	EndGlobalSection
EndGlobal
